
Microsoft Visual Studio Solution File, Format Version 12.00
# Visual Studio Version 17
VisualStudioVersion = 17.5.33530.505
MinimumVisualStudioVersion = 10.0.40219.1
Project("{9A19103F-16F7-4668-BE54-9A1E7A4F7556}") = "Assignment13750", "Assignment13750\Assignment13750.csproj", "{F18928A3-E9CD-4675-8E84-61F8A594699B}"
EndProject
Project("{9A19103F-16F7-4668-BE54-9A1E7A4F7556}") = "QuantumTest", "QuantumTest\QuantumTest.csproj", "{72188AC8-0047-4755-B9F1-41F8DD4D46AA}"
EndProject
Global
	GlobalSection(SolutionConfigurationPlatforms) = preSolution
		Debug|Any CPU = Debug|Any CPU
		Release|Any CPU = Release|Any CPU
	EndGlobalSection
	GlobalSection(ProjectConfigurationPlatforms) = postSolution
		{F18928A3-E9CD-4675-8E84-61F8A594699B}.Debug|Any CPU.ActiveCfg = Debug|Any CPU
		{F18928A3-E9CD-4675-8E84-61F8A594699B}.Debug|Any CPU.Build.0 = Debug|Any CPU
		{F18928A3-E9CD-4675-8E84-61F8A594699B}.Release|Any CPU.ActiveCfg = Release|Any CPU
		{F18928A3-E9CD-4675-8E84-61F8A594699B}.Release|Any CPU.Build.0 = Release|Any CPU
		{72188AC8-0047-4755-B9F1-41F8DD4D46AA}.Debug|Any CPU.ActiveCfg = Debug|Any CPU
		{72188AC8-0047-4755-B9F1-41F8DD4D46AA}.Debug|Any CPU.Build.0 = Debug|Any CPU
		{72188AC8-0047-4755-B9F1-41F8DD4D46AA}.Release|Any CPU.ActiveCfg = Release|Any CPU
		{72188AC8-0047-4755-B9F1-41F8DD4D46AA}.Release|Any CPU.Build.0 = Release|Any CPU
	EndGlobalSection
	GlobalSection(SolutionProperties) = preSolution
		HideSolutionNode = FALSE
	EndGlobalSection
	GlobalSection(ExtensibilityGlobals) = postSolution
		SolutionGuid = {E71DE911-17C7-4430-B688-5E767A94D635}
	EndGlobalSection
EndGlobal
